// !$*UTF8*$!
{
	archiveVersion = 1;
	classes = {
	};
	objectVersion = 46;
	objects = {

/* Begin PBXBuildFile section */
		413087D21C525D0A00FA822D /* TabBarController.m in Sources */ = {isa = PBXBuildFile; fileRef = 413087D11C525D0A00FA822D /* TabBarController.m */; };
		413087D51C52626300FA822D /* KiritanViewController.m in Sources */ = {isa = PBXBuildFile; fileRef = 413087D41C52626300FA822D /* KiritanViewController.m */; };
		413087DB1C5262FB00FA822D /* ItakoTableViewController.m in Sources */ = {isa = PBXBuildFile; fileRef = 413087DA1C5262FB00FA822D /* ItakoTableViewController.m */; };
		413087DF1C526C0800FA822D /* kiritan_tou.png in Resources */ = {isa = PBXBuildFile; fileRef = 413087DC1C526C0800FA822D /* kiritan_tou.png */; };
		413087E01C526C0800FA822D /* zzm_a1zunko21.png in Resources */ = {isa = PBXBuildFile; fileRef = 413087DD1C526C0800FA822D /* zzm_a1zunko21.png */; };
		413087E11C526C0800FA822D /* zzm_itako_standup.png in Resources */ = {isa = PBXBuildFile; fileRef = 413087DE1C526C0800FA822D /* zzm_itako_standup.png */; };
		41A0FF101C523B8600EB4CC7 /* main.m in Sources */ = {isa = PBXBuildFile; fileRef = 41A0FF0F1C523B8600EB4CC7 /* main.m */; };
		41A0FF131C523B8600EB4CC7 /* AppDelegate.m in Sources */ = {isa = PBXBuildFile; fileRef = 41A0FF121C523B8600EB4CC7 /* AppDelegate.m */; };
		41A0FF191C523B8600EB4CC7 /* Main.storyboard in Resources */ = {isa = PBXBuildFile; fileRef = 41A0FF171C523B8600EB4CC7 /* Main.storyboard */; };
		41A0FF1B1C523B8600EB4CC7 /* Assets.xcassets in Resources */ = {isa = PBXBuildFile; fileRef = 41A0FF1A1C523B8600EB4CC7 /* Assets.xcassets */; };
		41A0FF1E1C523B8600EB4CC7 /* LaunchScreen.storyboard in Resources */ = {isa = PBXBuildFile; fileRef = 41A0FF1C1C523B8600EB4CC7 /* LaunchScreen.storyboard */; };
		41EC7A5B1C5332E100FC8DF8 /* Itako1ViewController.m in Sources */ = {isa = PBXBuildFile; fileRef = 41EC7A5A1C5332E100FC8DF8 /* Itako1ViewController.m */; };
		41EC7A5E1C53335900FC8DF8 /* Itako2ViewController.m in Sources */ = {isa = PBXBuildFile; fileRef = 41EC7A5D1C53335900FC8DF8 /* Itako2ViewController.m */; };
/* End PBXBuildFile section */

/* Begin PBXFileReference section */
		413087D11C525D0A00FA822D /* TabBarController.m */ = {isa = PBXFileReference; fileEncoding = 4; lastKnownFileType = sourcecode.c.objc; path = TabBarController.m; sourceTree = "<group>"; };
		413087D31C52626300FA822D /* KiritanViewController.h */ = {isa = PBXFileReference; fileEncoding = 4; lastKnownFileType = sourcecode.c.h; path = KiritanViewController.h; sourceTree = "<group>"; };
		413087D41C52626300FA822D /* KiritanViewController.m */ = {isa = PBXFileReference; fileEncoding = 4; lastKnownFileType = sourcecode.c.objc; path = KiritanViewController.m; sourceTree = "<group>"; };
		413087D91C5262FB00FA822D /* ItakoTableViewController.h */ = {isa = PBXFileReference; fileEncoding = 4; lastKnownFileType = sourcecode.c.h; path = ItakoTableViewController.h; sourceTree = "<group>"; };
		413087DA1C5262FB00FA822D /* ItakoTableViewController.m */ = {isa = PBXFileReference; fileEncoding = 4; lastKnownFileType = sourcecode.c.objc; path = ItakoTableViewController.m; sourceTree = "<group>"; };
		413087DC1C526C0800FA822D /* kiritan_tou.png */ = {isa = PBXFileReference; lastKnownFileType = image.png; name = kiritan_tou.png; path = image/kiritan_tou.png; sourceTree = "<group>"; };
		413087DD1C526C0800FA822D /* zzm_a1zunko21.png */ = {isa = PBXFileReference; lastKnownFileType = image.png; name = zzm_a1zunko21.png; path = image/zzm_a1zunko21.png; sourceTree = "<group>"; };
		413087DE1C526C0800FA822D /* zzm_itako_standup.png */ = {isa = PBXFileReference; lastKnownFileType = image.png; name = zzm_itako_standup.png; path = image/zzm_itako_standup.png; sourceTree = "<group>"; };
		413087E31C526F6300FA822D /* TabBarController.h */ = {isa = PBXFileReference; lastKnownFileType = sourcecode.c.h; path = TabBarController.h; sourceTree = "<group>"; };
		41A0FF0B1C523B8600EB4CC7 /* Sample3DTouch.app */ = {isa = PBXFileReference; explicitFileType = wrapper.application; includeInIndex = 0; path = Sample3DTouch.app; sourceTree = BUILT_PRODUCTS_DIR; };
		41A0FF0F1C523B8600EB4CC7 /* main.m */ = {isa = PBXFileReference; lastKnownFileType = sourcecode.c.objc; path = main.m; sourceTree = "<group>"; };
		41A0FF111C523B8600EB4CC7 /* AppDelegate.h */ = {isa = PBXFileReference; lastKnownFileType = sourcecode.c.h; path = AppDelegate.h; sourceTree = "<group>"; };
		41A0FF121C523B8600EB4CC7 /* AppDelegate.m */ = {isa = PBXFileReference; lastKnownFileType = sourcecode.c.objc; path = AppDelegate.m; sourceTree = "<group>"; };
		41A0FF181C523B8600EB4CC7 /* Base */ = {isa = PBXFileReference; lastKnownFileType = file.storyboard; name = Base; path = Base.lproj/Main.storyboard; sourceTree = "<group>"; };
		41A0FF1A1C523B8600EB4CC7 /* Assets.xcassets */ = {isa = PBXFileReference; lastKnownFileType = folder.assetcatalog; path = Assets.xcassets; sourceTree = "<group>"; };
		41A0FF1D1C523B8600EB4CC7 /* Base */ = {isa = PBXFileReference; lastKnownFileType = file.storyboard; name = Base; path = Base.lproj/LaunchScreen.storyboard; sourceTree = "<group>"; };
		41A0FF1F1C523B8600EB4CC7 /* Info.plist */ = {isa = PBXFileReference; lastKnownFileType = text.plist.xml; path = Info.plist; sourceTree = "<group>"; };
		41EC7A591C5332E100FC8DF8 /* Itako1ViewController.h */ = {isa = PBXFileReference; fileEncoding = 4; lastKnownFileType = sourcecode.c.h; path = Itako1ViewController.h; sourceTree = "<group>"; };
		41EC7A5A1C5332E100FC8DF8 /* Itako1ViewController.m */ = {isa = PBXFileReference; fileEncoding = 4; lastKnownFileType = sourcecode.c.objc; path = Itako1ViewController.m; sourceTree = "<group>"; };
		41EC7A5C1C53335900FC8DF8 /* Itako2ViewController.h */ = {isa = PBXFileReference; fileEncoding = 4; lastKnownFileType = sourcecode.c.h; path = Itako2ViewController.h; sourceTree = "<group>"; };
		41EC7A5D1C53335900FC8DF8 /* Itako2ViewController.m */ = {isa = PBXFileReference; fileEncoding = 4; lastKnownFileType = sourcecode.c.objc; path = Itako2ViewController.m; sourceTree = "<group>"; };
/* End PBXFileReference section */

/* Begin PBXFrameworksBuildPhase section */
		41A0FF081C523B8600EB4CC7 /* Frameworks */ = {
			isa = PBXFrameworksBuildPhase;
			buildActionMask = 2147483647;
			files = (
			);
			runOnlyForDeploymentPostprocessing = 0;
		};
/* End PBXFrameworksBuildPhase section */

/* Begin PBXGroup section */
		413087E21C526C1700FA822D /* image */ = {
			isa = PBXGroup;
			children = (
				413087DC1C526C0800FA822D /* kiritan_tou.png */,
				413087DD1C526C0800FA822D /* zzm_a1zunko21.png */,
				413087DE1C526C0800FA822D /* zzm_itako_standup.png */,
			);
			name = image;
			sourceTree = "<group>";
		};
		413087E41C527A6B00FA822D /* TabView */ = {
			isa = PBXGroup;
			children = (
				413087E31C526F6300FA822D /* TabBarController.h */,
				413087D11C525D0A00FA822D /* TabBarController.m */,
			);
			name = TabView;
			sourceTree = "<group>";
		};
		413087E51C527A8700FA822D /* きりたんView */ = {
			isa = PBXGroup;
			children = (
				413087D31C52626300FA822D /* KiritanViewController.h */,
				413087D41C52626300FA822D /* KiritanViewController.m */,
			);
			name = "きりたんView";
			sourceTree = "<group>";
		};
		413087E61C527A9E00FA822D /* イタコTableView */ = {
			isa = PBXGroup;
			children = (
				413087D91C5262FB00FA822D /* ItakoTableViewController.h */,
				413087DA1C5262FB00FA822D /* ItakoTableViewController.m */,
				41EC7A591C5332E100FC8DF8 /* Itako1ViewController.h */,
				41EC7A5A1C5332E100FC8DF8 /* Itako1ViewController.m */,
				41EC7A5C1C53335900FC8DF8 /* Itako2ViewController.h */,
				41EC7A5D1C53335900FC8DF8 /* Itako2ViewController.m */,
			);
			name = "イタコTableView";
			sourceTree = "<group>";
		};
		41A0FF021C523B8600EB4CC7 = {
			isa = PBXGroup;
			children = (
				41A0FF0D1C523B8600EB4CC7 /* Sample3DTouch */,
				41A0FF0C1C523B8600EB4CC7 /* Products */,
			);
			sourceTree = "<group>";
		};
		41A0FF0C1C523B8600EB4CC7 /* Products */ = {
			isa = PBXGroup;
			children = (
				41A0FF0B1C523B8600EB4CC7 /* Sample3DTouch.app */,
			);
			name = Products;
			sourceTree = "<group>";
		};
		41A0FF0D1C523B8600EB4CC7 /* Sample3DTouch */ = {
			isa = PBXGroup;
			children = (
				41A0FF171C523B8600EB4CC7 /* Main.storyboard */,
				41A0FF111C523B8600EB4CC7 /* AppDelegate.h */,
				41A0FF121C523B8600EB4CC7 /* AppDelegate.m */,
				413087E41C527A6B00FA822D /* TabView */,
				413087E51C527A8700FA822D /* きりたんView */,
				413087E61C527A9E00FA822D /* イタコTableView */,
				41A0FF1A1C523B8600EB4CC7 /* Assets.xcassets */,
				41A0FF0E1C523B8600EB4CC7 /* Supporting Files */,
			);
			path = Sample3DTouch;
			sourceTree = "<group>";
		};
		41A0FF0E1C523B8600EB4CC7 /* Supporting Files */ = {
			isa = PBXGroup;
			children = (
				41A0FF1C1C523B8600EB4CC7 /* LaunchScreen.storyboard */,
				41A0FF1F1C523B8600EB4CC7 /* Info.plist */,
				413087E21C526C1700FA822D /* image */,
				41A0FF0F1C523B8600EB4CC7 /* main.m */,
			);
			name = "Supporting Files";
			sourceTree = "<group>";
		};
/* End PBXGroup section */

/* Begin PBXNativeTarget section */
		41A0FF0A1C523B8600EB4CC7 /* Sample3DTouch */ = {
			isa = PBXNativeTarget;
			buildConfigurationList = 41A0FF221C523B8600EB4CC7 /* Build configuration list for PBXNativeTarget "Sample3DTouch" */;
			buildPhases = (
				41A0FF071C523B8600EB4CC7 /* Sources */,
				41A0FF081C523B8600EB4CC7 /* Frameworks */,
				41A0FF091C523B8600EB4CC7 /* Resources */,
			);
			buildRules = (
			);
			dependencies = (
			);
			name = Sample3DTouch;
			productName = Sample3DTouch;
			productReference = 41A0FF0B1C523B8600EB4CC7 /* Sample3DTouch.app */;
			productType = "com.apple.product-type.application";
		};
/* End PBXNativeTarget section */

/* Begin PBXProject section */
		41A0FF031C523B8600EB4CC7 /* Project object */ = {
			isa = PBXProject;
			attributes = {
				LastUpgradeCheck = 0720;
				ORGANIZATIONNAME = kyasu;
				TargetAttributes = {
					41A0FF0A1C523B8600EB4CC7 = {
						CreatedOnToolsVersion = 7.2;
					};
				};
			};
			buildConfigurationList = 41A0FF061C523B8600EB4CC7 /* Build configuration list for PBXProject "Sample3DTouch" */;
			compatibilityVersion = "Xcode 3.2";
			developmentRegion = English;
			hasScannedForEncodings = 0;
			knownRegions = (
				en,
				Base,
			);
			mainGroup = 41A0FF021C523B8600EB4CC7;
			productRefGroup = 41A0FF0C1C523B8600EB4CC7 /* Products */;
			projectDirPath = "";
			projectRoot = "";
			targets = (
				41A0FF0A1C523B8600EB4CC7 /* Sample3DTouch */,
			);
		};
/* End PBXProject section */

/* Begin PBXResourcesBuildPhase section */
		41A0FF091C523B8600EB4CC7 /* Resources */ = {
			isa = PBXResourcesBuildPhase;
			buildActionMask = 2147483647;
			files = (
				41A0FF1E1C523B8600EB4CC7 /* LaunchScreen.storyboard in Resources */,
				41A0FF1B1C523B8600EB4CC7 /* Assets.xcassets in Resources */,
				41A0FF191C523B8600EB4CC7 /* Main.storyboard in Resources */,
				413087DF1C526C0800FA822D /* kiritan_tou.png in Resources */,
				413087E11C526C0800FA822D /* zzm_itako_standup.png in Resources */,
				413087E01C526C0800FA822D /* zzm_a1zunko21.png in Resources */,
			);
			runOnlyForDeploymentPostprocessing = 0;
		};
/* End PBXResourcesBuildPhase section */

/* Begin PBXSourcesBuildPhase section */
		41A0FF071C523B8600EB4CC7 /* Sources */ = {
			isa = PBXSourcesBuildPhase;
			buildActionMask = 2147483647;
			files = (
				413087D21C525D0A00FA822D /* TabBarController.m in Sources */,
				41EC7A5B1C5332E100FC8DF8 /* Itako1ViewController.m in Sources */,
				41A0FF131C523B8600EB4CC7 /* AppDelegate.m in Sources */,
				41A0FF101C523B8600EB4CC7 /* main.m in Sources */,
				413087DB1C5262FB00FA822D /* ItakoTableViewController.m in Sources */,
				41EC7A5E1C53335900FC8DF8 /* Itako2ViewController.m in Sources */,
				413087D51C52626300FA822D /* KiritanViewController.m in Sources */,
			);
			runOnlyForDeploymentPostprocessing = 0;
		};
/* End PBXSourcesBuildPhase section */

/* Begin PBXVariantGroup section */
		41A0FF171C523B8600EB4CC7 /* Main.storyboard */ = {
			isa = PBXVariantGroup;
			children = (
				41A0FF181C523B8600EB4CC7 /* Base */,
			);
			name = Main.storyboard;
			sourceTree = "<group>";
		};
		41A0FF1C1C523B8600EB4CC7 /* LaunchScreen.storyboard */ = {
			isa = PBXVariantGroup;
			children = (
				41A0FF1D1C523B8600EB4CC7 /* Base */,
			);
			name = LaunchScreen.storyboard;
			sourceTree = "<group>";
		};
/* End PBXVariantGroup section */

/* Begin XCBuildConfiguration section */
		41A0FF201C523B8600EB4CC7 /* Debug */ = {
			isa = XCBuildConfiguration;
			buildSettings = {
				ALWAYS_SEARCH_USER_PATHS = NO;
				CLANG_CXX_LANGUAGE_STANDARD = "gnu++0x";
				CLANG_CXX_LIBRARY = "libc++";
				CLANG_ENABLE_MODULES = YES;
				CLANG_ENABLE_OBJC_ARC = YES;
				CLANG_WARN_BOOL_CONVERSION = YES;
				CLANG_WARN_CONSTANT_CONVERSION = YES;
				CLANG_WARN_DIRECT_OBJC_ISA_USAGE = YES_ERROR;
				CLANG_WARN_EMPTY_BODY = YES;
				CLANG_WARN_ENUM_CONVERSION = YES;
				CLANG_WARN_INT_CONVERSION = YES;
				CLANG_WARN_OBJC_ROOT_CLASS = YES_ERROR;
				CLANG_WARN_UNREACHABLE_CODE = YES;
				CLANG_WARN__DUPLICATE_METHOD_MATCH = YES;
				"CODE_SIGN_IDENTITY[sdk=iphoneos*]" = "iPhone Developer";
				COPY_PHASE_STRIP = NO;
				DEBUG_INFORMATION_FORMAT = dwarf;
				ENABLE_STRICT_OBJC_MSGSEND = YES;
				ENABLE_TESTABILITY = YES;
				GCC_C_LANGUAGE_STANDARD = gnu99;
				GCC_DYNAMIC_NO_PIC = NO;
				GCC_NO_COMMON_BLOCKS = YES;
				GCC_OPTIMIZATION_LEVEL = 0;
				GCC_PREPROCESSOR_DEFINITIONS = (
					"DEBUG=1",
					"$(inherited)",
				);
				GCC_WARN_64_TO_32_BIT_CONVERSION = YES;
				GCC_WARN_ABOUT_RETURN_TYPE = YES_ERROR;
				GCC_WARN_UNDECLARED_SELECTOR = YES;
				GCC_WARN_UNINITIALIZED_AUTOS = YES_AGGRESSIVE;
				GCC_WARN_UNUSED_FUNCTION = YES;
				GCC_WARN_UNUSED_VARIABLE = YES;
				IPHONEOS_DEPLOYMENT_TARGET = 9.2;
				MTL_ENABLE_DEBUG_INFO = YES;
				ONLY_ACTIVE_ARCH = YES;
				SDKROOT = iphoneos;
			};
			name = Debug;
		};
		41A0FF211C523B8600EB4CC7 /* Release */ = {
			isa = XCBuildConfiguration;
			buildSettings = {
				ALWAYS_SEARCH_USER_PATHS = NO;
				CLANG_CXX_LANGUAGE_STANDARD = "gnu++0x";
				CLANG_CXX_LIBRARY = "libc++";
				CLANG_ENABLE_MODULES = YES;
				CLANG_ENABLE_OBJC_ARC = YES;
				CLANG_WARN_BOOL_CONVERSION = YES;
				CLANG_WARN_CONSTANT_CONVERSION = YES;
				CLANG_WARN_DIRECT_OBJC_ISA_USAGE = YES_ERROR;
				CLANG_WARN_EMPTY_BODY = YES;
				CLANG_WARN_ENUM_CONVERSION = YES;
				CLANG_WARN_INT_CONVERSION = YES;
				CLANG_WARN_OBJC_ROOT_CLASS = YES_ERROR;
				CLANG_WARN_UNREACHABLE_CODE = YES;
				CLANG_WARN__DUPLICATE_METHOD_MATCH = YES;
				"CODE_SIGN_IDENTITY[sdk=iphoneos*]" = "iPhone Developer";
				COPY_PHASE_STRIP = NO;
				DEBUG_INFORMATION_FORMAT = "dwarf-with-dsym";
				ENABLE_NS_ASSERTIONS = NO;
				ENABLE_STRICT_OBJC_MSGSEND = YES;
				GCC_C_LANGUAGE_STANDARD = gnu99;
				GCC_NO_COMMON_BLOCKS = YES;
				GCC_WARN_64_TO_32_BIT_CONVERSION = YES;
				GCC_WARN_ABOUT_RETURN_TYPE = YES_ERROR;
				GCC_WARN_UNDECLARED_SELECTOR = YES;
				GCC_WARN_UNINITIALIZED_AUTOS = YES_AGGRESSIVE;
				GCC_WARN_UNUSED_FUNCTION = YES;
				GCC_WARN_UNUSED_VARIABLE = YES;
				IPHONEOS_DEPLOYMENT_TARGET = 9.2;
				MTL_ENABLE_DEBUG_INFO = NO;
				SDKROOT = iphoneos;
				VALIDATE_PRODUCT = YES;
			};
			name = Release;
		};
		41A0FF231C523B8600EB4CC7 /* Debug */ = {
			isa = XCBuildConfiguration;
			buildSettings = {
				ASSETCATALOG_COMPILER_APPICON_NAME = AppIcon;
				INFOPLIST_FILE = Sample3DTouch/Info.plist;
				IPHONEOS_DEPLOYMENT_TARGET = 9.0;
				LD_RUNPATH_SEARCH_PATHS = "$(inherited) @executable_path/Frameworks";
				PRODUCT_BUNDLE_IDENTIFIER = kyasusoft.com.Sample3DTouch;
				PRODUCT_NAME = "$(TARGET_NAME)";
			};
			name = Debug;
		};
		41A0FF241C523B8600EB4CC7 /* Release */ = {
			isa = XCBuildConfiguration;
			buildSettings = {
				ASSETCATALOG_COMPILER_APPICON_NAME = AppIcon;
				INFOPLIST_FILE = Sample3DTouch/Info.plist;
				IPHONEOS_DEPLOYMENT_TARGET = 9.0;
				LD_RUNPATH_SEARCH_PATHS = "$(inherited) @executable_path/Frameworks";
				PRODUCT_BUNDLE_IDENTIFIER = kyasusoft.com.Sample3DTouch;
				PRODUCT_NAME = "$(TARGET_NAME)";
			};
			name = Release;
		};
/* End XCBuildConfiguration section */

/* Begin XCConfigurationList section */
		41A0FF061C523B8600EB4CC7 /* Build configuration list for PBXProject "Sample3DTouch" */ = {
			isa = XCConfigurationList;
			buildConfigurations = (
				41A0FF201C523B8600EB4CC7 /* Debug */,
				41A0FF211C523B8600EB4CC7 /* Release */,
			);
			defaultConfigurationIsVisible = 0;
			defaultConfigurationName = Release;
		};
		41A0FF221C523B8600EB4CC7 /* Build configuration list for PBXNativeTarget "Sample3DTouch" */ = {
			isa = XCConfigurationList;
			buildConfigurations = (
				41A0FF231C523B8600EB4CC7 /* Debug */,
				41A0FF241C523B8600EB4CC7 /* Release */,
			);
			defaultConfigurationIsVisible = 0;
			defaultConfigurationName = Release;
		};
/* End XCConfigurationList section */
	};
	rootObject = 41A0FF031C523B8600EB4CC7 /* Project object */;
}
